
Microsoft Visual Studio Solution File, Format Version 12.00
# Visual Studio Version 16
VisualStudioVersion = 16.0.31702.278
MinimumVisualStudioVersion = 10.0.40219.1
Project("{8BC9CEB8-8B4A-11D0-8D11-00A0C91BC942}") = "3adanie 1", "3adanie 1\3adanie 1.vcxproj", "{A3753937-2602-41D3-BF52-46CA01E42997}"
EndProject
Global
	GlobalSection(SolutionConfigurationPlatforms) = preSolution
		Debug|x64 = Debug|x64
		Debug|x86 = Debug|x86
		Release|x64 = Release|x64
		Release|x86 = Release|x86
	EndGlobalSection
	GlobalSection(ProjectConfigurationPlatforms) = postSolution
		{A3753937-2602-41D3-BF52-46CA01E42997}.Debug|x64.ActiveCfg = Debug|x64
		{A3753937-2602-41D3-BF52-46CA01E42997}.Debug|x64.Build.0 = Debug|x64
		{A3753937-2602-41D3-BF52-46CA01E42997}.Debug|x86.ActiveCfg = Debug|Win32
		{A3753937-2602-41D3-BF52-46CA01E42997}.Debug|x86.Build.0 = Debug|Win32
		{A3753937-2602-41D3-BF52-46CA01E42997}.Release|x64.ActiveCfg = Release|x64
		{A3753937-2602-41D3-BF52-46CA01E42997}.Release|x64.Build.0 = Release|x64
		{A3753937-2602-41D3-BF52-46CA01E42997}.Release|x86.ActiveCfg = Release|Win32
		{A3753937-2602-41D3-BF52-46CA01E42997}.Release|x86.Build.0 = Release|Win32
	EndGlobalSection
	GlobalSection(SolutionProperties) = preSolution
		HideSolutionNode = FALSE
	EndGlobalSection
	GlobalSection(ExtensibilityGlobals) = postSolution
		SolutionGuid = {1B827568-F3E8-4902-8F3B-D255751EB725}
	EndGlobalSection
EndGlobal
